// !$*UTF8*$!
{
	archiveVersion = 1;
	classes = {
	};
	objectVersion = 48;
	objects = {

/* Begin PBXBuildFile section */
		310D605B2020489000559F7D /* MNDate.swift in Sources */ = {isa = PBXBuildFile; fileRef = 319248E2200B4C1C00B67A6C /* MNDate.swift */; };
		310D605C2020489000559F7D /* MNApplication.swift in Sources */ = {isa = PBXBuildFile; fileRef = 319248DE200B4BAE00B67A6C /* MNApplication.swift */; };
		310D605D2020489000559F7D /* MNString.swift in Sources */ = {isa = PBXBuildFile; fileRef = 319248E0200B4BEC00B67A6C /* MNString.swift */; };
		310D605E2020489000559F7D /* MNDate.swift in Sources */ = {isa = PBXBuildFile; fileRef = 319248E2200B4C1C00B67A6C /* MNDate.swift */; };
		310D605F2020489000559F7D /* MNApplication.swift in Sources */ = {isa = PBXBuildFile; fileRef = 319248DE200B4BAE00B67A6C /* MNApplication.swift */; };
		310D60602020489000559F7D /* MNString.swift in Sources */ = {isa = PBXBuildFile; fileRef = 319248E0200B4BEC00B67A6C /* MNString.swift */; };
		310D60612020489400559F7D /* MNMimeType.swift in Sources */ = {isa = PBXBuildFile; fileRef = 313613CA1FEA2EBD00031EA8 /* MNMimeType.swift */; };
		310D60622020489400559F7D /* MNMimeType+Resolve.swift in Sources */ = {isa = PBXBuildFile; fileRef = 313613CB1FEA2EBD00031EA8 /* MNMimeType+Resolve.swift */; };
		310D60632020489400559F7D /* MNMimeType.swift in Sources */ = {isa = PBXBuildFile; fileRef = 313613CA1FEA2EBD00031EA8 /* MNMimeType.swift */; };
		310D60642020489400559F7D /* MNMimeType+Resolve.swift in Sources */ = {isa = PBXBuildFile; fileRef = 313613CB1FEA2EBD00031EA8 /* MNMimeType+Resolve.swift */; };
		310D60652020489800559F7D /* Image.swift in Sources */ = {isa = PBXBuildFile; fileRef = 313613BF1FEA2D3900031EA8 /* Image.swift */; };
		310D60662020489800559F7D /* Path.swift in Sources */ = {isa = PBXBuildFile; fileRef = 313613C71FEA2E1400031EA8 /* Path.swift */; };
		310D60682020489800559F7D /* Image.swift in Sources */ = {isa = PBXBuildFile; fileRef = 313613BF1FEA2D3900031EA8 /* Image.swift */; };
		310D60692020489800559F7D /* Path.swift in Sources */ = {isa = PBXBuildFile; fileRef = 313613C71FEA2E1400031EA8 /* Path.swift */; };
		31C62C172020072900AEB0C5 /* MNCocoa_iOS.h in Headers */ = {isa = PBXBuildFile; fileRef = 31C62C152020072900AEB0C5 /* MNCocoa_iOS.h */; settings = {ATTRIBUTES = (Public, ); }; };
		31C62C242020073A00AEB0C5 /* MNCocoa_macOS.h in Headers */ = {isa = PBXBuildFile; fileRef = 31C62C222020073A00AEB0C5 /* MNCocoa_macOS.h */; settings = {ATTRIBUTES = (Public, ); }; };
/* End PBXBuildFile section */

/* Begin PBXFileReference section */
		310D5F95201F2EFE00559F7D /* Cartfile */ = {isa = PBXFileReference; lastKnownFileType = text; path = Cartfile; sourceTree = "<group>"; };
		313613BF1FEA2D3900031EA8 /* Image.swift */ = {isa = PBXFileReference; fileEncoding = 4; lastKnownFileType = sourcecode.swift; path = Image.swift; sourceTree = "<group>"; };
		313613C71FEA2E1400031EA8 /* Path.swift */ = {isa = PBXFileReference; lastKnownFileType = sourcecode.swift; path = Path.swift; sourceTree = "<group>"; };
		313613CA1FEA2EBD00031EA8 /* MNMimeType.swift */ = {isa = PBXFileReference; fileEncoding = 4; lastKnownFileType = sourcecode.swift; path = MNMimeType.swift; sourceTree = "<group>"; };
		313613CB1FEA2EBD00031EA8 /* MNMimeType+Resolve.swift */ = {isa = PBXFileReference; fileEncoding = 4; lastKnownFileType = sourcecode.swift; path = "MNMimeType+Resolve.swift"; sourceTree = "<group>"; };
		319248DE200B4BAE00B67A6C /* MNApplication.swift */ = {isa = PBXFileReference; fileEncoding = 4; lastKnownFileType = sourcecode.swift; path = MNApplication.swift; sourceTree = "<group>"; };
		319248E0200B4BEC00B67A6C /* MNString.swift */ = {isa = PBXFileReference; lastKnownFileType = sourcecode.swift; path = MNString.swift; sourceTree = "<group>"; };
		319248E2200B4C1C00B67A6C /* MNDate.swift */ = {isa = PBXFileReference; fileEncoding = 4; lastKnownFileType = sourcecode.swift; path = MNDate.swift; sourceTree = "<group>"; };
		31C62C132020072900AEB0C5 /* MNCocoa_iOS.framework */ = {isa = PBXFileReference; explicitFileType = wrapper.framework; includeInIndex = 0; path = MNCocoa_iOS.framework; sourceTree = BUILT_PRODUCTS_DIR; };
		31C62C152020072900AEB0C5 /* MNCocoa_iOS.h */ = {isa = PBXFileReference; lastKnownFileType = sourcecode.c.h; path = MNCocoa_iOS.h; sourceTree = "<group>"; };
		31C62C162020072900AEB0C5 /* Info.plist */ = {isa = PBXFileReference; lastKnownFileType = text.plist.xml; path = Info.plist; sourceTree = "<group>"; };
		31C62C202020073A00AEB0C5 /* MNCocoa_macOS.framework */ = {isa = PBXFileReference; explicitFileType = wrapper.framework; includeInIndex = 0; path = MNCocoa_macOS.framework; sourceTree = BUILT_PRODUCTS_DIR; };
		31C62C222020073A00AEB0C5 /* MNCocoa_macOS.h */ = {isa = PBXFileReference; lastKnownFileType = sourcecode.c.h; path = MNCocoa_macOS.h; sourceTree = "<group>"; };
		31C62C232020073A00AEB0C5 /* Info.plist */ = {isa = PBXFileReference; lastKnownFileType = text.plist.xml; path = Info.plist; sourceTree = "<group>"; };
/* End PBXFileReference section */

/* Begin PBXFrameworksBuildPhase section */
		31C62C0F2020072900AEB0C5 /* Frameworks */ = {
			isa = PBXFrameworksBuildPhase;
			buildActionMask = 2147483647;
			files = (
			);
			runOnlyForDeploymentPostprocessing = 0;
		};
		31C62C1C2020073A00AEB0C5 /* Frameworks */ = {
			isa = PBXFrameworksBuildPhase;
			buildActionMask = 2147483647;
			files = (
			);
			runOnlyForDeploymentPostprocessing = 0;
		};
/* End PBXFrameworksBuildPhase section */

/* Begin PBXGroup section */
		3136139D1FEA2BCC00031EA8 = {
			isa = PBXGroup;
			children = (
				313613A91FEA2BCC00031EA8 /* MNCocoa */,
				31C62C142020072900AEB0C5 /* MNCocoa_iOS */,
				31C62C212020073A00AEB0C5 /* MNCocoa_macOS */,
				313613A81FEA2BCC00031EA8 /* Products */,
				310D5F95201F2EFE00559F7D /* Cartfile */,
			);
			sourceTree = "<group>";
		};
		313613A81FEA2BCC00031EA8 /* Products */ = {
			isa = PBXGroup;
			children = (
				31C62C132020072900AEB0C5 /* MNCocoa_iOS.framework */,
				31C62C202020073A00AEB0C5 /* MNCocoa_macOS.framework */,
			);
			name = Products;
			sourceTree = "<group>";
		};
		313613A91FEA2BCC00031EA8 /* MNCocoa */ = {
			isa = PBXGroup;
			children = (
				313613B21FEA2BF700031EA8 /* Sources */,
			);
			path = MNCocoa;
			sourceTree = "<group>";
		};
		313613B21FEA2BF700031EA8 /* Sources */ = {
			isa = PBXGroup;
			children = (
				319248DD200B4B9400B67A6C /* Lang */,
				313613C91FEA2EA200031EA8 /* Util */,
				313613BE1FEA2D1A00031EA8 /* Extension */,
			);
			path = Sources;
			sourceTree = "<group>";
		};
		313613BE1FEA2D1A00031EA8 /* Extension */ = {
			isa = PBXGroup;
			children = (
				313613BF1FEA2D3900031EA8 /* Image.swift */,
				313613C71FEA2E1400031EA8 /* Path.swift */,
			);
			path = Extension;
			sourceTree = "<group>";
		};
		313613C91FEA2EA200031EA8 /* Util */ = {
			isa = PBXGroup;
			children = (
				313613CA1FEA2EBD00031EA8 /* MNMimeType.swift */,
				313613CB1FEA2EBD00031EA8 /* MNMimeType+Resolve.swift */,
			);
			path = Util;
			sourceTree = "<group>";
		};
		319248DD200B4B9400B67A6C /* Lang */ = {
			isa = PBXGroup;
			children = (
				319248E2200B4C1C00B67A6C /* MNDate.swift */,
				319248DE200B4BAE00B67A6C /* MNApplication.swift */,
				319248E0200B4BEC00B67A6C /* MNString.swift */,
			);
			path = Lang;
			sourceTree = "<group>";
		};
		31C62C142020072900AEB0C5 /* MNCocoa_iOS */ = {
			isa = PBXGroup;
			children = (
				31C62C152020072900AEB0C5 /* MNCocoa_iOS.h */,
				31C62C162020072900AEB0C5 /* Info.plist */,
			);
			path = MNCocoa_iOS;
			sourceTree = "<group>";
		};
		31C62C212020073A00AEB0C5 /* MNCocoa_macOS */ = {
			isa = PBXGroup;
			children = (
				31C62C222020073A00AEB0C5 /* MNCocoa_macOS.h */,
				31C62C232020073A00AEB0C5 /* Info.plist */,
			);
			path = MNCocoa_macOS;
			sourceTree = "<group>";
		};
/* End PBXGroup section */

/* Begin PBXHeadersBuildPhase section */
		31C62C102020072900AEB0C5 /* Headers */ = {
			isa = PBXHeadersBuildPhase;
			buildActionMask = 2147483647;
			files = (
				31C62C172020072900AEB0C5 /* MNCocoa_iOS.h in Headers */,
			);
			runOnlyForDeploymentPostprocessing = 0;
		};
		31C62C1D2020073A00AEB0C5 /* Headers */ = {
			isa = PBXHeadersBuildPhase;
			buildActionMask = 2147483647;
			files = (
				31C62C242020073A00AEB0C5 /* MNCocoa_macOS.h in Headers */,
			);
			runOnlyForDeploymentPostprocessing = 0;
		};
/* End PBXHeadersBuildPhase section */

/* Begin PBXNativeTarget section */
		31C62C122020072900AEB0C5 /* MNCocoa_iOS */ = {
			isa = PBXNativeTarget;
			buildConfigurationList = 31C62C1A2020072900AEB0C5 /* Build configuration list for PBXNativeTarget "MNCocoa_iOS" */;
			buildPhases = (
				31C62C0E2020072900AEB0C5 /* Sources */,
				31C62C0F2020072900AEB0C5 /* Frameworks */,
				31C62C102020072900AEB0C5 /* Headers */,
				31C62C112020072900AEB0C5 /* Resources */,
			);
			buildRules = (
			);
			dependencies = (
			);
			name = MNCocoa_iOS;
			productName = MNCocoa_iOS;
			productReference = 31C62C132020072900AEB0C5 /* MNCocoa_iOS.framework */;
			productType = "com.apple.product-type.framework";
		};
		31C62C1F2020073A00AEB0C5 /* MNCocoa_macOS */ = {
			isa = PBXNativeTarget;
			buildConfigurationList = 31C62C252020073A00AEB0C5 /* Build configuration list for PBXNativeTarget "MNCocoa_macOS" */;
			buildPhases = (
				31C62C1B2020073A00AEB0C5 /* Sources */,
				31C62C1C2020073A00AEB0C5 /* Frameworks */,
				31C62C1D2020073A00AEB0C5 /* Headers */,
				31C62C1E2020073A00AEB0C5 /* Resources */,
			);
			buildRules = (
			);
			dependencies = (
			);
			name = MNCocoa_macOS;
			productName = MNCocoa_macOS;
			productReference = 31C62C202020073A00AEB0C5 /* MNCocoa_macOS.framework */;
			productType = "com.apple.product-type.framework";
		};
/* End PBXNativeTarget section */

/* Begin PBXProject section */
		3136139E1FEA2BCC00031EA8 /* Project object */ = {
			isa = PBXProject;
			attributes = {
				LastUpgradeCheck = 0920;
				ORGANIZATIONNAME = "陆广庆";
				TargetAttributes = {
					31C62C122020072900AEB0C5 = {
						CreatedOnToolsVersion = 9.2;
						ProvisioningStyle = Automatic;
					};
					31C62C1F2020073A00AEB0C5 = {
						CreatedOnToolsVersion = 9.2;
						ProvisioningStyle = Automatic;
					};
				};
			};
			buildConfigurationList = 313613A11FEA2BCC00031EA8 /* Build configuration list for PBXProject "MNCocoa" */;
			compatibilityVersion = "Xcode 8.0";
			developmentRegion = en;
			hasScannedForEncodings = 0;
			knownRegions = (
				en,
			);
			mainGroup = 3136139D1FEA2BCC00031EA8;
			productRefGroup = 313613A81FEA2BCC00031EA8 /* Products */;
			projectDirPath = "";
			projectRoot = "";
			targets = (
				31C62C122020072900AEB0C5 /* MNCocoa_iOS */,
				31C62C1F2020073A00AEB0C5 /* MNCocoa_macOS */,
			);
		};
/* End PBXProject section */

/* Begin PBXResourcesBuildPhase section */
		31C62C112020072900AEB0C5 /* Resources */ = {
			isa = PBXResourcesBuildPhase;
			buildActionMask = 2147483647;
			files = (
			);
			runOnlyForDeploymentPostprocessing = 0;
		};
		31C62C1E2020073A00AEB0C5 /* Resources */ = {
			isa = PBXResourcesBuildPhase;
			buildActionMask = 2147483647;
			files = (
			);
			runOnlyForDeploymentPostprocessing = 0;
		};
/* End PBXResourcesBuildPhase section */

/* Begin PBXSourcesBuildPhase section */
		31C62C0E2020072900AEB0C5 /* Sources */ = {
			isa = PBXSourcesBuildPhase;
			buildActionMask = 2147483647;
			files = (
				310D60612020489400559F7D /* MNMimeType.swift in Sources */,
				310D60662020489800559F7D /* Path.swift in Sources */,
				310D60652020489800559F7D /* Image.swift in Sources */,
				310D605B2020489000559F7D /* MNDate.swift in Sources */,
				310D60622020489400559F7D /* MNMimeType+Resolve.swift in Sources */,
				310D605C2020489000559F7D /* MNApplication.swift in Sources */,
				310D605D2020489000559F7D /* MNString.swift in Sources */,
			);
			runOnlyForDeploymentPostprocessing = 0;
		};
		31C62C1B2020073A00AEB0C5 /* Sources */ = {
			isa = PBXSourcesBuildPhase;
			buildActionMask = 2147483647;
			files = (
				310D60632020489400559F7D /* MNMimeType.swift in Sources */,
				310D60692020489800559F7D /* Path.swift in Sources */,
				310D60682020489800559F7D /* Image.swift in Sources */,
				310D605E2020489000559F7D /* MNDate.swift in Sources */,
				310D60642020489400559F7D /* MNMimeType+Resolve.swift in Sources */,
				310D605F2020489000559F7D /* MNApplication.swift in Sources */,
				310D60602020489000559F7D /* MNString.swift in Sources */,
			);
			runOnlyForDeploymentPostprocessing = 0;
		};
/* End PBXSourcesBuildPhase section */

/* Begin XCBuildConfiguration section */
		313613AD1FEA2BCC00031EA8 /* Debug */ = {
			isa = XCBuildConfiguration;
			buildSettings = {
				ALWAYS_SEARCH_USER_PATHS = NO;
				CLANG_ANALYZER_NONNULL = YES;
				CLANG_ANALYZER_NUMBER_OBJECT_CONVERSION = YES_AGGRESSIVE;
				CLANG_CXX_LANGUAGE_STANDARD = "gnu++14";
				CLANG_CXX_LIBRARY = "libc++";
				CLANG_ENABLE_MODULES = YES;
				CLANG_ENABLE_OBJC_ARC = YES;
				CLANG_WARN_BLOCK_CAPTURE_AUTORELEASING = YES;
				CLANG_WARN_BOOL_CONVERSION = YES;
				CLANG_WARN_COMMA = YES;
				CLANG_WARN_CONSTANT_CONVERSION = YES;
				CLANG_WARN_DIRECT_OBJC_ISA_USAGE = YES_ERROR;
				CLANG_WARN_DOCUMENTATION_COMMENTS = YES;
				CLANG_WARN_EMPTY_BODY = YES;
				CLANG_WARN_ENUM_CONVERSION = YES;
				CLANG_WARN_INFINITE_RECURSION = YES;
				CLANG_WARN_INT_CONVERSION = YES;
				CLANG_WARN_NON_LITERAL_NULL_CONVERSION = YES;
				CLANG_WARN_OBJC_LITERAL_CONVERSION = YES;
				CLANG_WARN_OBJC_ROOT_CLASS = YES_ERROR;
				CLANG_WARN_RANGE_LOOP_ANALYSIS = YES;
				CLANG_WARN_STRICT_PROTOTYPES = YES;
				CLANG_WARN_SUSPICIOUS_MOVE = YES;
				CLANG_WARN_UNGUARDED_AVAILABILITY = YES_AGGRESSIVE;
				CLANG_WARN_UNREACHABLE_CODE = YES;
				CLANG_WARN__DUPLICATE_METHOD_MATCH = YES;
				CODE_SIGN_IDENTITY = "Mac Developer";
				COPY_PHASE_STRIP = NO;
				CURRENT_PROJECT_VERSION = 1;
				DEBUG_INFORMATION_FORMAT = dwarf;
				ENABLE_STRICT_OBJC_MSGSEND = YES;
				ENABLE_TESTABILITY = YES;
				FRAMEWORK_SEARCH_PATHS = "$(PROJECT_DIR)/../../Carthage/Build/Mac";
				GCC_C_LANGUAGE_STANDARD = gnu11;
				GCC_DYNAMIC_NO_PIC = NO;
				GCC_NO_COMMON_BLOCKS = YES;
				GCC_OPTIMIZATION_LEVEL = 0;
				GCC_PREPROCESSOR_DEFINITIONS = (
					"DEBUG=1",
					"$(inherited)",
				);
				GCC_WARN_64_TO_32_BIT_CONVERSION = YES;
				GCC_WARN_ABOUT_RETURN_TYPE = YES_ERROR;
				GCC_WARN_UNDECLARED_SELECTOR = YES;
				GCC_WARN_UNINITIALIZED_AUTOS = YES_AGGRESSIVE;
				GCC_WARN_UNUSED_FUNCTION = YES;
				GCC_WARN_UNUSED_VARIABLE = YES;
				MACOSX_DEPLOYMENT_TARGET = 10.12;
				MTL_ENABLE_DEBUG_INFO = YES;
				ONLY_ACTIVE_ARCH = YES;
				SDKROOT = macosx;
				SWIFT_ACTIVE_COMPILATION_CONDITIONS = DEBUG;
				SWIFT_OPTIMIZATION_LEVEL = "-Onone";
				VERSIONING_SYSTEM = "apple-generic";
				VERSION_INFO_PREFIX = "";
			};
			name = Debug;
		};
		313613AE1FEA2BCC00031EA8 /* Release */ = {
			isa = XCBuildConfiguration;
			buildSettings = {
				ALWAYS_SEARCH_USER_PATHS = NO;
				CLANG_ANALYZER_NONNULL = YES;
				CLANG_ANALYZER_NUMBER_OBJECT_CONVERSION = YES_AGGRESSIVE;
				CLANG_CXX_LANGUAGE_STANDARD = "gnu++14";
				CLANG_CXX_LIBRARY = "libc++";
				CLANG_ENABLE_MODULES = YES;
				CLANG_ENABLE_OBJC_ARC = YES;
				CLANG_WARN_BLOCK_CAPTURE_AUTORELEASING = YES;
				CLANG_WARN_BOOL_CONVERSION = YES;
				CLANG_WARN_COMMA = YES;
				CLANG_WARN_CONSTANT_CONVERSION = YES;
				CLANG_WARN_DIRECT_OBJC_ISA_USAGE = YES_ERROR;
				CLANG_WARN_DOCUMENTATION_COMMENTS = YES;
				CLANG_WARN_EMPTY_BODY = YES;
				CLANG_WARN_ENUM_CONVERSION = YES;
				CLANG_WARN_INFINITE_RECURSION = YES;
				CLANG_WARN_INT_CONVERSION = YES;
				CLANG_WARN_NON_LITERAL_NULL_CONVERSION = YES;
				CLANG_WARN_OBJC_LITERAL_CONVERSION = YES;
				CLANG_WARN_OBJC_ROOT_CLASS = YES_ERROR;
				CLANG_WARN_RANGE_LOOP_ANALYSIS = YES;
				CLANG_WARN_STRICT_PROTOTYPES = YES;
				CLANG_WARN_SUSPICIOUS_MOVE = YES;
				CLANG_WARN_UNGUARDED_AVAILABILITY = YES_AGGRESSIVE;
				CLANG_WARN_UNREACHABLE_CODE = YES;
				CLANG_WARN__DUPLICATE_METHOD_MATCH = YES;
				CODE_SIGN_IDENTITY = "Mac Developer";
				COPY_PHASE_STRIP = NO;
				CURRENT_PROJECT_VERSION = 1;
				DEBUG_INFORMATION_FORMAT = "dwarf-with-dsym";
				ENABLE_NS_ASSERTIONS = NO;
				ENABLE_STRICT_OBJC_MSGSEND = YES;
				FRAMEWORK_SEARCH_PATHS = "$(PROJECT_DIR)/../../Carthage/Build/Mac";
				GCC_C_LANGUAGE_STANDARD = gnu11;
				GCC_NO_COMMON_BLOCKS = YES;
				GCC_WARN_64_TO_32_BIT_CONVERSION = YES;
				GCC_WARN_ABOUT_RETURN_TYPE = YES_ERROR;
				GCC_WARN_UNDECLARED_SELECTOR = YES;
				GCC_WARN_UNINITIALIZED_AUTOS = YES_AGGRESSIVE;
				GCC_WARN_UNUSED_FUNCTION = YES;
				GCC_WARN_UNUSED_VARIABLE = YES;
				MACOSX_DEPLOYMENT_TARGET = 10.12;
				MTL_ENABLE_DEBUG_INFO = NO;
				SDKROOT = macosx;
				SWIFT_OPTIMIZATION_LEVEL = "-Owholemodule";
				VERSIONING_SYSTEM = "apple-generic";
				VERSION_INFO_PREFIX = "";
			};
			name = Release;
		};
		31C62C182020072900AEB0C5 /* Debug */ = {
			isa = XCBuildConfiguration;
			buildSettings = {
				CODE_SIGN_IDENTITY = "iPhone Developer";
				CODE_SIGN_STYLE = Automatic;
				DEFINES_MODULE = YES;
				DEVELOPMENT_TEAM = 9M6475P28E;
				DYLIB_COMPATIBILITY_VERSION = 1;
				DYLIB_CURRENT_VERSION = 1;
				DYLIB_INSTALL_NAME_BASE = "@rpath";
				FRAMEWORK_SEARCH_PATHS = "$(PROJECT_DIR)/Carthage/Build/iOS";
				INFOPLIST_FILE = MNCocoa_iOS/Info.plist;
				INSTALL_PATH = "$(LOCAL_LIBRARY_DIR)/Frameworks";
				IPHONEOS_DEPLOYMENT_TARGET = 10.0;
				LD_RUNPATH_SEARCH_PATHS = "$(inherited) @executable_path/Frameworks @loader_path/Frameworks";
				PRODUCT_BUNDLE_IDENTIFIER = "com.lugq1001.MNCocoa-iOS";
				PRODUCT_NAME = "$(TARGET_NAME:c99extidentifier)";
				SDKROOT = iphoneos;
				SKIP_INSTALL = YES;
				SWIFT_VERSION = 4.0;
				TARGETED_DEVICE_FAMILY = "1,2";
			};
			name = Debug;
		};
		31C62C192020072900AEB0C5 /* Release */ = {
			isa = XCBuildConfiguration;
			buildSettings = {
				CODE_SIGN_IDENTITY = "iPhone Developer";
				CODE_SIGN_STYLE = Automatic;
				DEFINES_MODULE = YES;
				DEVELOPMENT_TEAM = 9M6475P28E;
				DYLIB_COMPATIBILITY_VERSION = 1;
				DYLIB_CURRENT_VERSION = 1;
				DYLIB_INSTALL_NAME_BASE = "@rpath";
				FRAMEWORK_SEARCH_PATHS = "$(PROJECT_DIR)/Carthage/Build/iOS";
				INFOPLIST_FILE = MNCocoa_iOS/Info.plist;
				INSTALL_PATH = "$(LOCAL_LIBRARY_DIR)/Frameworks";
				IPHONEOS_DEPLOYMENT_TARGET = 10.0;
				LD_RUNPATH_SEARCH_PATHS = "$(inherited) @executable_path/Frameworks @loader_path/Frameworks";
				PRODUCT_BUNDLE_IDENTIFIER = "com.lugq1001.MNCocoa-iOS";
				PRODUCT_NAME = "$(TARGET_NAME:c99extidentifier)";
				SDKROOT = iphoneos;
				SKIP_INSTALL = YES;
				SWIFT_VERSION = 4.0;
				TARGETED_DEVICE_FAMILY = "1,2";
				VALIDATE_PRODUCT = YES;
			};
			name = Release;
		};
		31C62C262020073A00AEB0C5 /* Debug */ = {
			isa = XCBuildConfiguration;
			buildSettings = {
				CODE_SIGN_IDENTITY = "";
				CODE_SIGN_STYLE = Automatic;
				COMBINE_HIDPI_IMAGES = YES;
				DEFINES_MODULE = YES;
				DEVELOPMENT_TEAM = QR2ZFRE3WH;
				DYLIB_COMPATIBILITY_VERSION = 1;
				DYLIB_CURRENT_VERSION = 1;
				DYLIB_INSTALL_NAME_BASE = "@rpath";
				FRAMEWORK_SEARCH_PATHS = "$(PROJECT_DIR)/Carthage/Build/Mac";
				FRAMEWORK_VERSION = A;
				INFOPLIST_FILE = MNCocoa_macOS/Info.plist;
				INSTALL_PATH = "$(LOCAL_LIBRARY_DIR)/Frameworks";
				LD_RUNPATH_SEARCH_PATHS = "$(inherited) @executable_path/../Frameworks @loader_path/Frameworks";
				MACOSX_DEPLOYMENT_TARGET = 10.12;
				PRODUCT_BUNDLE_IDENTIFIER = "com.lugq1001.MNCocoa-macOS";
				PRODUCT_NAME = "$(TARGET_NAME:c99extidentifier)";
				SKIP_INSTALL = YES;
				SWIFT_VERSION = 4.0;
			};
			name = Debug;
		};
		31C62C272020073A00AEB0C5 /* Release */ = {
			isa = XCBuildConfiguration;
			buildSettings = {
				CODE_SIGN_IDENTITY = "";
				CODE_SIGN_STYLE = Automatic;
				COMBINE_HIDPI_IMAGES = YES;
				DEFINES_MODULE = YES;
				DEVELOPMENT_TEAM = QR2ZFRE3WH;
				DYLIB_COMPATIBILITY_VERSION = 1;
				DYLIB_CURRENT_VERSION = 1;
				DYLIB_INSTALL_NAME_BASE = "@rpath";
				FRAMEWORK_SEARCH_PATHS = "$(PROJECT_DIR)/Carthage/Build/Mac";
				FRAMEWORK_VERSION = A;
				INFOPLIST_FILE = MNCocoa_macOS/Info.plist;
				INSTALL_PATH = "$(LOCAL_LIBRARY_DIR)/Frameworks";
				LD_RUNPATH_SEARCH_PATHS = "$(inherited) @executable_path/../Frameworks @loader_path/Frameworks";
				MACOSX_DEPLOYMENT_TARGET = 10.12;
				PRODUCT_BUNDLE_IDENTIFIER = "com.lugq1001.MNCocoa-macOS";
				PRODUCT_NAME = "$(TARGET_NAME:c99extidentifier)";
				SKIP_INSTALL = YES;
				SWIFT_VERSION = 4.0;
			};
			name = Release;
		};
/* End XCBuildConfiguration section */

/* Begin XCConfigurationList section */
		313613A11FEA2BCC00031EA8 /* Build configuration list for PBXProject "MNCocoa" */ = {
			isa = XCConfigurationList;
			buildConfigurations = (
				313613AD1FEA2BCC00031EA8 /* Debug */,
				313613AE1FEA2BCC00031EA8 /* Release */,
			);
			defaultConfigurationIsVisible = 0;
			defaultConfigurationName = Release;
		};
		31C62C1A2020072900AEB0C5 /* Build configuration list for PBXNativeTarget "MNCocoa_iOS" */ = {
			isa = XCConfigurationList;
			buildConfigurations = (
				31C62C182020072900AEB0C5 /* Debug */,
				31C62C192020072900AEB0C5 /* Release */,
			);
			defaultConfigurationIsVisible = 0;
			defaultConfigurationName = Release;
		};
		31C62C252020073A00AEB0C5 /* Build configuration list for PBXNativeTarget "MNCocoa_macOS" */ = {
			isa = XCConfigurationList;
			buildConfigurations = (
				31C62C262020073A00AEB0C5 /* Debug */,
				31C62C272020073A00AEB0C5 /* Release */,
			);
			defaultConfigurationIsVisible = 0;
			defaultConfigurationName = Release;
		};
/* End XCConfigurationList section */
	};
	rootObject = 3136139E1FEA2BCC00031EA8 /* Project object */;
}
